// !$*UTF8*$!
{
	archiveVersion = 1;
	classes = {
	};
	objectVersion = 50;
	objects = {

/* Begin PBXBuildFile section */
		44A5AF1F214BA92B006213E3 /* AppDelegate.m in Sources */ = {isa = PBXBuildFile; fileRef = 44A5AF1E214BA92B006213E3 /* AppDelegate.m */; };
		44A5AF22214BA92B006213E3 /* ViewController.m in Sources */ = {isa = PBXBuildFile; fileRef = 44A5AF21214BA92B006213E3 /* ViewController.m */; };
		44A5AF25214BA92B006213E3 /* Main.storyboard in Resources */ = {isa = PBXBuildFile; fileRef = 44A5AF23214BA92B006213E3 /* Main.storyboard */; };
		44A5AF27214BA92B006213E3 /* Assets.xcassets in Resources */ = {isa = PBXBuildFile; fileRef = 44A5AF26214BA92B006213E3 /* Assets.xcassets */; };
		44A5AF2A214BA92B006213E3 /* LaunchScreen.storyboard in Resources */ = {isa = PBXBuildFile; fileRef = 44A5AF28214BA92B006213E3 /* LaunchScreen.storyboard */; };
		44A5AF2D214BA92B006213E3 /* main.m in Sources */ = {isa = PBXBuildFile; fileRef = 44A5AF2C214BA92B006213E3 /* main.m */; };
		44A5AF37214BA92B006213E3 /* OpenCVTests.m in Sources */ = {isa = PBXBuildFile; fileRef = 44A5AF36214BA92B006213E3 /* OpenCVTests.m */; };
		44A5AF43214BAB33006213E3 /* opencv2.framework in Frameworks */ = {isa = PBXBuildFile; fileRef = 44A5AF42214BAB33006213E3 /* opencv2.framework */; };
		44A5AF45214BAB48006213E3 /* CoreGraphics.framework in Frameworks */ = {isa = PBXBuildFile; fileRef = 44A5AF44214BAB48006213E3 /* CoreGraphics.framework */; };
		44A5AF47214BAB51006213E3 /* Foundation.framework in Frameworks */ = {isa = PBXBuildFile; fileRef = 44A5AF46214BAB51006213E3 /* Foundation.framework */; };
		44A5AF49214BAB63006213E3 /* UIKit.framework in Frameworks */ = {isa = PBXBuildFile; fileRef = 44A5AF48214BAB63006213E3 /* UIKit.framework */; };
		44A5AF4C214BAB94006213E3 /* OsbornOpenCV.mm in Sources */ = {isa = PBXBuildFile; fileRef = 44A5AF4B214BAB94006213E3 /* OsbornOpenCV.mm */; };
		44A5AF4E214BADA9006213E3 /* ycl.jpg in Resources */ = {isa = PBXBuildFile; fileRef = 44A5AF4D214BADA9006213E3 /* ycl.jpg */; };
		44C595A822F16D6B00DA0D77 /* UIColor+Hex.m in Sources */ = {isa = PBXBuildFile; fileRef = 44C595A622F16D6B00DA0D77 /* UIColor+Hex.m */; };
		44C595AB22F16D9200DA0D77 /* OsbornSlider.m in Sources */ = {isa = PBXBuildFile; fileRef = 44C595A922F16D9200DA0D77 /* OsbornSlider.m */; };
		44CEFD5B22F03E45003C874E /* born.jpg in Resources */ = {isa = PBXBuildFile; fileRef = 44CEFD5A22F03E45003C874E /* born.jpg */; };
		44CEFD5D22F04458003C874E /* ycl2.jpg in Resources */ = {isa = PBXBuildFile; fileRef = 44CEFD5C22F04458003C874E /* ycl2.jpg */; };
		B690BEBC831B19A17858EF7D /* libPods-OpenCV.a in Frameworks */ = {isa = PBXBuildFile; fileRef = A30DA9897AA447FC0B6E7F78 /* libPods-OpenCV.a */; };
/* End PBXBuildFile section */

/* Begin PBXContainerItemProxy section */
		44A5AF33214BA92B006213E3 /* PBXContainerItemProxy */ = {
			isa = PBXContainerItemProxy;
			containerPortal = 44A5AF12214BA92B006213E3 /* Project object */;
			proxyType = 1;
			remoteGlobalIDString = 44A5AF19214BA92B006213E3;
			remoteInfo = OpenCV;
		};
/* End PBXContainerItemProxy section */

/* Begin PBXFileReference section */
		4466C6FC22312A0400D1F49A /* PrefixHeader.pch */ = {isa = PBXFileReference; lastKnownFileType = sourcecode.c.h; path = PrefixHeader.pch; sourceTree = "<group>"; };
		4466C6FD22312AEA00D1F49A /* OsbornOpenCV+OsbornOpenCVEX.h */ = {isa = PBXFileReference; lastKnownFileType = sourcecode.c.h; path = "OsbornOpenCV+OsbornOpenCVEX.h"; sourceTree = "<group>"; };
		44A5AF1A214BA92B006213E3 /* OpenCV.app */ = {isa = PBXFileReference; explicitFileType = wrapper.application; includeInIndex = 0; path = OpenCV.app; sourceTree = BUILT_PRODUCTS_DIR; };
		44A5AF1D214BA92B006213E3 /* AppDelegate.h */ = {isa = PBXFileReference; lastKnownFileType = sourcecode.c.h; path = AppDelegate.h; sourceTree = "<group>"; };
		44A5AF1E214BA92B006213E3 /* AppDelegate.m */ = {isa = PBXFileReference; lastKnownFileType = sourcecode.c.objc; path = AppDelegate.m; sourceTree = "<group>"; };
		44A5AF20214BA92B006213E3 /* ViewController.h */ = {isa = PBXFileReference; lastKnownFileType = sourcecode.c.h; path = ViewController.h; sourceTree = "<group>"; };
		44A5AF21214BA92B006213E3 /* ViewController.m */ = {isa = PBXFileReference; lastKnownFileType = sourcecode.c.objc; path = ViewController.m; sourceTree = "<group>"; };
		44A5AF24214BA92B006213E3 /* Base */ = {isa = PBXFileReference; lastKnownFileType = file.storyboard; name = Base; path = Base.lproj/Main.storyboard; sourceTree = "<group>"; };
		44A5AF26214BA92B006213E3 /* Assets.xcassets */ = {isa = PBXFileReference; lastKnownFileType = folder.assetcatalog; path = Assets.xcassets; sourceTree = "<group>"; };
		44A5AF29214BA92B006213E3 /* Base */ = {isa = PBXFileReference; lastKnownFileType = file.storyboard; name = Base; path = Base.lproj/LaunchScreen.storyboard; sourceTree = "<group>"; };
		44A5AF2B214BA92B006213E3 /* Info.plist */ = {isa = PBXFileReference; lastKnownFileType = text.plist.xml; path = Info.plist; sourceTree = "<group>"; };
		44A5AF2C214BA92B006213E3 /* main.m */ = {isa = PBXFileReference; lastKnownFileType = sourcecode.c.objc; path = main.m; sourceTree = "<group>"; };
		44A5AF32214BA92B006213E3 /* OpenCVTests.xctest */ = {isa = PBXFileReference; explicitFileType = wrapper.cfbundle; includeInIndex = 0; path = OpenCVTests.xctest; sourceTree = BUILT_PRODUCTS_DIR; };
		44A5AF36214BA92B006213E3 /* OpenCVTests.m */ = {isa = PBXFileReference; lastKnownFileType = sourcecode.c.objc; path = OpenCVTests.m; sourceTree = "<group>"; };
		44A5AF38214BA92B006213E3 /* Info.plist */ = {isa = PBXFileReference; lastKnownFileType = text.plist.xml; path = Info.plist; sourceTree = "<group>"; };
		44A5AF42214BAB33006213E3 /* opencv2.framework */ = {isa = PBXFileReference; lastKnownFileType = wrapper.framework; name = opencv2.framework; path = OpenCV/opencv2.framework; sourceTree = "<group>"; };
		44A5AF44214BAB48006213E3 /* CoreGraphics.framework */ = {isa = PBXFileReference; lastKnownFileType = wrapper.framework; name = CoreGraphics.framework; path = System/Library/Frameworks/CoreGraphics.framework; sourceTree = SDKROOT; };
		44A5AF46214BAB51006213E3 /* Foundation.framework */ = {isa = PBXFileReference; lastKnownFileType = wrapper.framework; name = Foundation.framework; path = System/Library/Frameworks/Foundation.framework; sourceTree = SDKROOT; };
		44A5AF48214BAB63006213E3 /* UIKit.framework */ = {isa = PBXFileReference; lastKnownFileType = wrapper.framework; name = UIKit.framework; path = System/Library/Frameworks/UIKit.framework; sourceTree = SDKROOT; };
		44A5AF4A214BAB94006213E3 /* OsbornOpenCV.h */ = {isa = PBXFileReference; lastKnownFileType = sourcecode.c.h; path = OsbornOpenCV.h; sourceTree = "<group>"; };
		44A5AF4B214BAB94006213E3 /* OsbornOpenCV.mm */ = {isa = PBXFileReference; lastKnownFileType = sourcecode.cpp.objcpp; path = OsbornOpenCV.mm; sourceTree = "<group>"; };
		44A5AF4D214BADA9006213E3 /* ycl.jpg */ = {isa = PBXFileReference; lastKnownFileType = image.jpeg; path = ycl.jpg; sourceTree = "<group>"; };
		44C595A622F16D6B00DA0D77 /* UIColor+Hex.m */ = {isa = PBXFileReference; fileEncoding = 4; lastKnownFileType = sourcecode.c.objc; path = "UIColor+Hex.m"; sourceTree = "<group>"; };
		44C595A722F16D6B00DA0D77 /* UIColor+Hex.h */ = {isa = PBXFileReference; fileEncoding = 4; lastKnownFileType = sourcecode.c.h; path = "UIColor+Hex.h"; sourceTree = "<group>"; };
		44C595A922F16D9200DA0D77 /* OsbornSlider.m */ = {isa = PBXFileReference; fileEncoding = 4; lastKnownFileType = sourcecode.c.objc; path = OsbornSlider.m; sourceTree = "<group>"; };
		44C595AA22F16D9200DA0D77 /* OsbornSlider.h */ = {isa = PBXFileReference; fileEncoding = 4; lastKnownFileType = sourcecode.c.h; path = OsbornSlider.h; sourceTree = "<group>"; };
		44CEFD5A22F03E45003C874E /* born.jpg */ = {isa = PBXFileReference; lastKnownFileType = image.jpeg; path = born.jpg; sourceTree = "<group>"; };
		44CEFD5C22F04458003C874E /* ycl2.jpg */ = {isa = PBXFileReference; lastKnownFileType = image.jpeg; path = ycl2.jpg; sourceTree = "<group>"; };
		5097F18ADE18CD451D873EC0 /* Pods-OpenCV.release.xcconfig */ = {isa = PBXFileReference; includeInIndex = 1; lastKnownFileType = text.xcconfig; name = "Pods-OpenCV.release.xcconfig"; path = "Target Support Files/Pods-OpenCV/Pods-OpenCV.release.xcconfig"; sourceTree = "<group>"; };
		A30DA9897AA447FC0B6E7F78 /* libPods-OpenCV.a */ = {isa = PBXFileReference; explicitFileType = archive.ar; includeInIndex = 0; path = "libPods-OpenCV.a"; sourceTree = BUILT_PRODUCTS_DIR; };
		FA75FD887DC15C29C7621DF3 /* Pods-OpenCV.debug.xcconfig */ = {isa = PBXFileReference; includeInIndex = 1; lastKnownFileType = text.xcconfig; name = "Pods-OpenCV.debug.xcconfig"; path = "Target Support Files/Pods-OpenCV/Pods-OpenCV.debug.xcconfig"; sourceTree = "<group>"; };
/* End PBXFileReference section */

/* Begin PBXFrameworksBuildPhase section */
		44A5AF17214BA92B006213E3 /* Frameworks */ = {
			isa = PBXFrameworksBuildPhase;
			buildActionMask = 2147483647;
			files = (
				44A5AF49214BAB63006213E3 /* UIKit.framework in Frameworks */,
				44A5AF47214BAB51006213E3 /* Foundation.framework in Frameworks */,
				44A5AF45214BAB48006213E3 /* CoreGraphics.framework in Frameworks */,
				44A5AF43214BAB33006213E3 /* opencv2.framework in Frameworks */,
				B690BEBC831B19A17858EF7D /* libPods-OpenCV.a in Frameworks */,
			);
			runOnlyForDeploymentPostprocessing = 0;
		};
		44A5AF2F214BA92B006213E3 /* Frameworks */ = {
			isa = PBXFrameworksBuildPhase;
			buildActionMask = 2147483647;
			files = (
			);
			runOnlyForDeploymentPostprocessing = 0;
		};
/* End PBXFrameworksBuildPhase section */

/* Begin PBXGroup section */
		44A5AF11214BA92B006213E3 = {
			isa = PBXGroup;
			children = (
				44A5AF1C214BA92B006213E3 /* OpenCV */,
				44A5AF35214BA92B006213E3 /* OpenCVTests */,
				44A5AF1B214BA92B006213E3 /* Products */,
				44A5AF41214BAB33006213E3 /* Frameworks */,
				E9DF0D014612F7430AAA8C4F /* Pods */,
			);
			sourceTree = "<group>";
		};
		44A5AF1B214BA92B006213E3 /* Products */ = {
			isa = PBXGroup;
			children = (
				44A5AF1A214BA92B006213E3 /* OpenCV.app */,
				44A5AF32214BA92B006213E3 /* OpenCVTests.xctest */,
			);
			name = Products;
			sourceTree = "<group>";
		};
		44A5AF1C214BA92B006213E3 /* OpenCV */ = {
			isa = PBXGroup;
			children = (
				44CEFD5C22F04458003C874E /* ycl2.jpg */,
				44CEFD5A22F03E45003C874E /* born.jpg */,
				44A5AF4D214BADA9006213E3 /* ycl.jpg */,
				44A5AF1D214BA92B006213E3 /* AppDelegate.h */,
				44A5AF1E214BA92B006213E3 /* AppDelegate.m */,
				44A5AF20214BA92B006213E3 /* ViewController.h */,
				44A5AF21214BA92B006213E3 /* ViewController.m */,
				44A5AF23214BA92B006213E3 /* Main.storyboard */,
				44CEFD6222F047AF003C874E /* Category */,
				44CEFD5E22F04656003C874E /* Views */,
				44A5AF26214BA92B006213E3 /* Assets.xcassets */,
				44A5AF28214BA92B006213E3 /* LaunchScreen.storyboard */,
				44A5AF2B214BA92B006213E3 /* Info.plist */,
				44A5AF2C214BA92B006213E3 /* main.m */,
				44A5AF4A214BAB94006213E3 /* OsbornOpenCV.h */,
				44A5AF4B214BAB94006213E3 /* OsbornOpenCV.mm */,
				4466C6FC22312A0400D1F49A /* PrefixHeader.pch */,
				4466C6FD22312AEA00D1F49A /* OsbornOpenCV+OsbornOpenCVEX.h */,
			);
			path = OpenCV;
			sourceTree = "<group>";
		};
		44A5AF35214BA92B006213E3 /* OpenCVTests */ = {
			isa = PBXGroup;
			children = (
				44A5AF36214BA92B006213E3 /* OpenCVTests.m */,
				44A5AF38214BA92B006213E3 /* Info.plist */,
			);
			path = OpenCVTests;
			sourceTree = "<group>";
		};
		44A5AF41214BAB33006213E3 /* Frameworks */ = {
			isa = PBXGroup;
			children = (
				44A5AF48214BAB63006213E3 /* UIKit.framework */,
				44A5AF46214BAB51006213E3 /* Foundation.framework */,
				44A5AF44214BAB48006213E3 /* CoreGraphics.framework */,
				44A5AF42214BAB33006213E3 /* opencv2.framework */,
				A30DA9897AA447FC0B6E7F78 /* libPods-OpenCV.a */,
			);
			name = Frameworks;
			sourceTree = "<group>";
		};
		44CEFD5E22F04656003C874E /* Views */ = {
			isa = PBXGroup;
			children = (
				44C595AA22F16D9200DA0D77 /* OsbornSlider.h */,
				44C595A922F16D9200DA0D77 /* OsbornSlider.m */,
			);
			path = Views;
			sourceTree = "<group>";
		};
		44CEFD6222F047AF003C874E /* Category */ = {
			isa = PBXGroup;
			children = (
				44C595A722F16D6B00DA0D77 /* UIColor+Hex.h */,
				44C595A622F16D6B00DA0D77 /* UIColor+Hex.m */,
			);
			path = Category;
			sourceTree = "<group>";
		};
		E9DF0D014612F7430AAA8C4F /* Pods */ = {
			isa = PBXGroup;
			children = (
				FA75FD887DC15C29C7621DF3 /* Pods-OpenCV.debug.xcconfig */,
				5097F18ADE18CD451D873EC0 /* Pods-OpenCV.release.xcconfig */,
			);
			path = Pods;
			sourceTree = "<group>";
		};
/* End PBXGroup section */

/* Begin PBXNativeTarget section */
		44A5AF19214BA92B006213E3 /* OpenCV */ = {
			isa = PBXNativeTarget;
			buildConfigurationList = 44A5AF3B214BA92B006213E3 /* Build configuration list for PBXNativeTarget "OpenCV" */;
			buildPhases = (
				3265739BB29BB0A1FE58E9FE /* [CP] Check Pods Manifest.lock */,
				44A5AF16214BA92B006213E3 /* Sources */,
				44A5AF17214BA92B006213E3 /* Frameworks */,
				44A5AF18214BA92B006213E3 /* Resources */,
			);
			buildRules = (
			);
			dependencies = (
			);
			name = OpenCV;
			productName = OpenCV;
			productReference = 44A5AF1A214BA92B006213E3 /* OpenCV.app */;
			productType = "com.apple.product-type.application";
		};
		44A5AF31214BA92B006213E3 /* OpenCVTests */ = {
			isa = PBXNativeTarget;
			buildConfigurationList = 44A5AF3E214BA92B006213E3 /* Build configuration list for PBXNativeTarget "OpenCVTests" */;
			buildPhases = (
				44A5AF2E214BA92B006213E3 /* Sources */,
				44A5AF2F214BA92B006213E3 /* Frameworks */,
				44A5AF30214BA92B006213E3 /* Resources */,
			);
			buildRules = (
			);
			dependencies = (
				44A5AF34214BA92B006213E3 /* PBXTargetDependency */,
			);
			name = OpenCVTests;
			productName = OpenCVTests;
			productReference = 44A5AF32214BA92B006213E3 /* OpenCVTests.xctest */;
			productType = "com.apple.product-type.bundle.unit-test";
		};
/* End PBXNativeTarget section */

/* Begin PBXProject section */
		44A5AF12214BA92B006213E3 /* Project object */ = {
			isa = PBXProject;
			attributes = {
				LastUpgradeCheck = 0940;
				ORGANIZATIONNAME = osborn;
				TargetAttributes = {
					44A5AF19214BA92B006213E3 = {
						CreatedOnToolsVersion = 9.4.1;
					};
					44A5AF31214BA92B006213E3 = {
						CreatedOnToolsVersion = 9.4.1;
						TestTargetID = 44A5AF19214BA92B006213E3;
					};
				};
			};
			buildConfigurationList = 44A5AF15214BA92B006213E3 /* Build configuration list for PBXProject "OpenCV" */;
			compatibilityVersion = "Xcode 9.3";
			developmentRegion = en;
			hasScannedForEncodings = 0;
			knownRegions = (
				en,
				Base,
			);
			mainGroup = 44A5AF11214BA92B006213E3;
			productRefGroup = 44A5AF1B214BA92B006213E3 /* Products */;
			projectDirPath = "";
			projectRoot = "";
			targets = (
				44A5AF19214BA92B006213E3 /* OpenCV */,
				44A5AF31214BA92B006213E3 /* OpenCVTests */,
			);
		};
/* End PBXProject section */

/* Begin PBXResourcesBuildPhase section */
		44A5AF18214BA92B006213E3 /* Resources */ = {
			isa = PBXResourcesBuildPhase;
			buildActionMask = 2147483647;
			files = (
				44A5AF4E214BADA9006213E3 /* ycl.jpg in Resources */,
				44CEFD5D22F04458003C874E /* ycl2.jpg in Resources */,
				44CEFD5B22F03E45003C874E /* born.jpg in Resources */,
				44A5AF2A214BA92B006213E3 /* LaunchScreen.storyboard in Resources */,
				44A5AF27214BA92B006213E3 /* Assets.xcassets in Resources */,
				44A5AF25214BA92B006213E3 /* Main.storyboard in Resources */,
			);
			runOnlyForDeploymentPostprocessing = 0;
		};
		44A5AF30214BA92B006213E3 /* Resources */ = {
			isa = PBXResourcesBuildPhase;
			buildActionMask = 2147483647;
			files = (
			);
			runOnlyForDeploymentPostprocessing = 0;
		};
/* End PBXResourcesBuildPhase section */

/* Begin PBXShellScriptBuildPhase section */
		3265739BB29BB0A1FE58E9FE /* [CP] Check Pods Manifest.lock */ = {
			isa = PBXShellScriptBuildPhase;
			buildActionMask = 2147483647;
			files = (
			);
			inputFileListPaths = (
			);
			inputPaths = (
				"${PODS_PODFILE_DIR_PATH}/Podfile.lock",
				"${PODS_ROOT}/Manifest.lock",
			);
			name = "[CP] Check Pods Manifest.lock";
			outputFileListPaths = (
			);
			outputPaths = (
				"$(DERIVED_FILE_DIR)/Pods-OpenCV-checkManifestLockResult.txt",
			);
			runOnlyForDeploymentPostprocessing = 0;
			shellPath = /bin/sh;
			shellScript = "diff \"${PODS_PODFILE_DIR_PATH}/Podfile.lock\" \"${PODS_ROOT}/Manifest.lock\" > /dev/null\nif [ $? != 0 ] ; then\n    # print error to STDERR\n    echo \"error: The sandbox is not in sync with the Podfile.lock. Run 'pod install' or update your CocoaPods installation.\" >&2\n    exit 1\nfi\n# This output is used by Xcode 'outputs' to avoid re-running this script phase.\necho \"SUCCESS\" > \"${SCRIPT_OUTPUT_FILE_0}\"\n";
			showEnvVarsInLog = 0;
		};
/* End PBXShellScriptBuildPhase section */

/* Begin PBXSourcesBuildPhase section */
		44A5AF16214BA92B006213E3 /* Sources */ = {
			isa = PBXSourcesBuildPhase;
			buildActionMask = 2147483647;
			files = (
				44A5AF22214BA92B006213E3 /* ViewController.m in Sources */,
				44C595AB22F16D9200DA0D77 /* OsbornSlider.m in Sources */,
				44C595A822F16D6B00DA0D77 /* UIColor+Hex.m in Sources */,
				44A5AF2D214BA92B006213E3 /* main.m in Sources */,
				44A5AF1F214BA92B006213E3 /* AppDelegate.m in Sources */,
				44A5AF4C214BAB94006213E3 /* OsbornOpenCV.mm in Sources */,
			);
			runOnlyForDeploymentPostprocessing = 0;
		};
		44A5AF2E214BA92B006213E3 /* Sources */ = {
			isa = PBXSourcesBuildPhase;
			buildActionMask = 2147483647;
			files = (
				44A5AF37214BA92B006213E3 /* OpenCVTests.m in Sources */,
			);
			runOnlyForDeploymentPostprocessing = 0;
		};
/* End PBXSourcesBuildPhase section */

/* Begin PBXTargetDependency section */
		44A5AF34214BA92B006213E3 /* PBXTargetDependency */ = {
			isa = PBXTargetDependency;
			target = 44A5AF19214BA92B006213E3 /* OpenCV */;
			targetProxy = 44A5AF33214BA92B006213E3 /* PBXContainerItemProxy */;
		};
/* End PBXTargetDependency section */

/* Begin PBXVariantGroup section */
		44A5AF23214BA92B006213E3 /* Main.storyboard */ = {
			isa = PBXVariantGroup;
			children = (
				44A5AF24214BA92B006213E3 /* Base */,
			);
			name = Main.storyboard;
			sourceTree = "<group>";
		};
		44A5AF28214BA92B006213E3 /* LaunchScreen.storyboard */ = {
			isa = PBXVariantGroup;
			children = (
				44A5AF29214BA92B006213E3 /* Base */,
			);
			name = LaunchScreen.storyboard;
			sourceTree = "<group>";
		};
/* End PBXVariantGroup section */

/* Begin XCBuildConfiguration section */
		44A5AF39214BA92B006213E3 /* Debug */ = {
			isa = XCBuildConfiguration;
			buildSettings = {
				ALWAYS_SEARCH_USER_PATHS = NO;
				CLANG_ANALYZER_NONNULL = YES;
				CLANG_ANALYZER_NUMBER_OBJECT_CONVERSION = YES_AGGRESSIVE;
				CLANG_CXX_LANGUAGE_STANDARD = "gnu++14";
				CLANG_CXX_LIBRARY = "libc++";
				CLANG_ENABLE_MODULES = YES;
				CLANG_ENABLE_OBJC_ARC = YES;
				CLANG_ENABLE_OBJC_WEAK = YES;
				CLANG_WARN_BLOCK_CAPTURE_AUTORELEASING = YES;
				CLANG_WARN_BOOL_CONVERSION = YES;
				CLANG_WARN_COMMA = YES;
				CLANG_WARN_CONSTANT_CONVERSION = YES;
				CLANG_WARN_DEPRECATED_OBJC_IMPLEMENTATIONS = YES;
				CLANG_WARN_DIRECT_OBJC_ISA_USAGE = YES_ERROR;
				CLANG_WARN_DOCUMENTATION_COMMENTS = YES;
				CLANG_WARN_EMPTY_BODY = YES;
				CLANG_WARN_ENUM_CONVERSION = YES;
				CLANG_WARN_INFINITE_RECURSION = YES;
				CLANG_WARN_INT_CONVERSION = YES;
				CLANG_WARN_NON_LITERAL_NULL_CONVERSION = YES;
				CLANG_WARN_OBJC_IMPLICIT_RETAIN_SELF = YES;
				CLANG_WARN_OBJC_LITERAL_CONVERSION = YES;
				CLANG_WARN_OBJC_ROOT_CLASS = YES_ERROR;
				CLANG_WARN_RANGE_LOOP_ANALYSIS = YES;
				CLANG_WARN_STRICT_PROTOTYPES = YES;
				CLANG_WARN_SUSPICIOUS_MOVE = YES;
				CLANG_WARN_UNGUARDED_AVAILABILITY = YES_AGGRESSIVE;
				CLANG_WARN_UNREACHABLE_CODE = YES;
				CLANG_WARN__DUPLICATE_METHOD_MATCH = YES;
				CODE_SIGN_IDENTITY = "iPhone Developer";
				COPY_PHASE_STRIP = NO;
				DEBUG_INFORMATION_FORMAT = dwarf;
				ENABLE_STRICT_OBJC_MSGSEND = YES;
				ENABLE_TESTABILITY = YES;
				GCC_C_LANGUAGE_STANDARD = gnu11;
				GCC_DYNAMIC_NO_PIC = NO;
				GCC_NO_COMMON_BLOCKS = YES;
				GCC_OPTIMIZATION_LEVEL = 0;
				GCC_PREPROCESSOR_DEFINITIONS = (
					"DEBUG=1",
					"$(inherited)",
				);
				GCC_WARN_64_TO_32_BIT_CONVERSION = YES;
				GCC_WARN_ABOUT_RETURN_TYPE = YES_ERROR;
				GCC_WARN_UNDECLARED_SELECTOR = YES;
				GCC_WARN_UNINITIALIZED_AUTOS = YES_AGGRESSIVE;
				GCC_WARN_UNUSED_FUNCTION = YES;
				GCC_WARN_UNUSED_VARIABLE = YES;
				IPHONEOS_DEPLOYMENT_TARGET = 11.4;
				MTL_ENABLE_DEBUG_INFO = YES;
				ONLY_ACTIVE_ARCH = YES;
				SDKROOT = iphoneos;
			};
			name = Debug;
		};
		44A5AF3A214BA92B006213E3 /* Release */ = {
			isa = XCBuildConfiguration;
			buildSettings = {
				ALWAYS_SEARCH_USER_PATHS = NO;
				CLANG_ANALYZER_NONNULL = YES;
				CLANG_ANALYZER_NUMBER_OBJECT_CONVERSION = YES_AGGRESSIVE;
				CLANG_CXX_LANGUAGE_STANDARD = "gnu++14";
				CLANG_CXX_LIBRARY = "libc++";
				CLANG_ENABLE_MODULES = YES;
				CLANG_ENABLE_OBJC_ARC = YES;
				CLANG_ENABLE_OBJC_WEAK = YES;
				CLANG_WARN_BLOCK_CAPTURE_AUTORELEASING = YES;
				CLANG_WARN_BOOL_CONVERSION = YES;
				CLANG_WARN_COMMA = YES;
				CLANG_WARN_CONSTANT_CONVERSION = YES;
				CLANG_WARN_DEPRECATED_OBJC_IMPLEMENTATIONS = YES;
				CLANG_WARN_DIRECT_OBJC_ISA_USAGE = YES_ERROR;
				CLANG_WARN_DOCUMENTATION_COMMENTS = YES;
				CLANG_WARN_EMPTY_BODY = YES;
				CLANG_WARN_ENUM_CONVERSION = YES;
				CLANG_WARN_INFINITE_RECURSION = YES;
				CLANG_WARN_INT_CONVERSION = YES;
				CLANG_WARN_NON_LITERAL_NULL_CONVERSION = YES;
				CLANG_WARN_OBJC_IMPLICIT_RETAIN_SELF = YES;
				CLANG_WARN_OBJC_LITERAL_CONVERSION = YES;
				CLANG_WARN_OBJC_ROOT_CLASS = YES_ERROR;
				CLANG_WARN_RANGE_LOOP_ANALYSIS = YES;
				CLANG_WARN_STRICT_PROTOTYPES = YES;
				CLANG_WARN_SUSPICIOUS_MOVE = YES;
				CLANG_WARN_UNGUARDED_AVAILABILITY = YES_AGGRESSIVE;
				CLANG_WARN_UNREACHABLE_CODE = YES;
				CLANG_WARN__DUPLICATE_METHOD_MATCH = YES;
				CODE_SIGN_IDENTITY = "iPhone Developer";
				COPY_PHASE_STRIP = NO;
				DEBUG_INFORMATION_FORMAT = "dwarf-with-dsym";
				ENABLE_NS_ASSERTIONS = NO;
				ENABLE_STRICT_OBJC_MSGSEND = YES;
				GCC_C_LANGUAGE_STANDARD = gnu11;
				GCC_NO_COMMON_BLOCKS = YES;
				GCC_WARN_64_TO_32_BIT_CONVERSION = YES;
				GCC_WARN_ABOUT_RETURN_TYPE = YES_ERROR;
				GCC_WARN_UNDECLARED_SELECTOR = YES;
				GCC_WARN_UNINITIALIZED_AUTOS = YES_AGGRESSIVE;
				GCC_WARN_UNUSED_FUNCTION = YES;
				GCC_WARN_UNUSED_VARIABLE = YES;
				IPHONEOS_DEPLOYMENT_TARGET = 11.4;
				MTL_ENABLE_DEBUG_INFO = NO;
				SDKROOT = iphoneos;
				VALIDATE_PRODUCT = YES;
			};
			name = Release;
		};
		44A5AF3C214BA92B006213E3 /* Debug */ = {
			isa = XCBuildConfiguration;
			baseConfigurationReference = FA75FD887DC15C29C7621DF3 /* Pods-OpenCV.debug.xcconfig */;
			buildSettings = {
				ASSETCATALOG_COMPILER_APPICON_NAME = AppIcon;
				CODE_SIGN_STYLE = Automatic;
				DEVELOPMENT_TEAM = F8M2L3Y6MA;
				ENABLE_BITCODE = NO;
				FRAMEWORK_SEARCH_PATHS = (
					"$(inherited)",
					"$(PROJECT_DIR)/OpenCV",
				);
				GCC_PREFIX_HEADER = "$(SRCROOT)/OpenCV/PrefixHeader.pch";
				INFOPLIST_FILE = OpenCV/Info.plist;
				IPHONEOS_DEPLOYMENT_TARGET = 10.0;
				LD_RUNPATH_SEARCH_PATHS = (
					"$(inherited)",
					"@executable_path/Frameworks",
				);
				PRODUCT_BUNDLE_IDENTIFIER = com.zfxj0902.OpenCV;
				PRODUCT_NAME = "$(TARGET_NAME)";
				TARGETED_DEVICE_FAMILY = "1,2";
			};
			name = Debug;
		};
		44A5AF3D214BA92B006213E3 /* Release */ = {
			isa = XCBuildConfiguration;
			baseConfigurationReference = 5097F18ADE18CD451D873EC0 /* Pods-OpenCV.release.xcconfig */;
			buildSettings = {
				ASSETCATALOG_COMPILER_APPICON_NAME = AppIcon;
				CODE_SIGN_STYLE = Automatic;
				DEVELOPMENT_TEAM = F8M2L3Y6MA;
				ENABLE_BITCODE = NO;
				FRAMEWORK_SEARCH_PATHS = (
					"$(inherited)",
					"$(PROJECT_DIR)/OpenCV",
				);
				GCC_PREFIX_HEADER = "$(SRCROOT)/OpenCV/PrefixHeader.pch";
				INFOPLIST_FILE = OpenCV/Info.plist;
				IPHONEOS_DEPLOYMENT_TARGET = 10.0;
				LD_RUNPATH_SEARCH_PATHS = (
					"$(inherited)",
					"@executable_path/Frameworks",
				);
				PRODUCT_BUNDLE_IDENTIFIER = com.zfxj0902.OpenCV;
				PRODUCT_NAME = "$(TARGET_NAME)";
				TARGETED_DEVICE_FAMILY = "1,2";
			};
			name = Release;
		};
		44A5AF3F214BA92B006213E3 /* Debug */ = {
			isa = XCBuildConfiguration;
			buildSettings = {
				BUNDLE_LOADER = "$(TEST_HOST)";
				CODE_SIGN_STYLE = Automatic;
				DEVELOPMENT_TEAM = 9VLNA5G8PG;
				INFOPLIST_FILE = OpenCVTests/Info.plist;
				LD_RUNPATH_SEARCH_PATHS = (
					"$(inherited)",
					"@executable_path/Frameworks",
					"@loader_path/Frameworks",
				);
				PRODUCT_BUNDLE_IDENTIFIER = com.zfxj0902.OpenCVTests;
				PRODUCT_NAME = "$(TARGET_NAME)";
				TARGETED_DEVICE_FAMILY = "1,2";
				TEST_HOST = "$(BUILT_PRODUCTS_DIR)/OpenCV.app/OpenCV";
			};
			name = Debug;
		};
		44A5AF40214BA92B006213E3 /* Release */ = {
			isa = XCBuildConfiguration;
			buildSettings = {
				BUNDLE_LOADER = "$(TEST_HOST)";
				CODE_SIGN_STYLE = Automatic;
				DEVELOPMENT_TEAM = 9VLNA5G8PG;
				INFOPLIST_FILE = OpenCVTests/Info.plist;
				LD_RUNPATH_SEARCH_PATHS = (
					"$(inherited)",
					"@executable_path/Frameworks",
					"@loader_path/Frameworks",
				);
				PRODUCT_BUNDLE_IDENTIFIER = com.zfxj0902.OpenCVTests;
				PRODUCT_NAME = "$(TARGET_NAME)";
				TARGETED_DEVICE_FAMILY = "1,2";
				TEST_HOST = "$(BUILT_PRODUCTS_DIR)/OpenCV.app/OpenCV";
			};
			name = Release;
		};
/* End XCBuildConfiguration section */

/* Begin XCConfigurationList section */
		44A5AF15214BA92B006213E3 /* Build configuration list for PBXProject "OpenCV" */ = {
			isa = XCConfigurationList;
			buildConfigurations = (
				44A5AF39214BA92B006213E3 /* Debug */,
				44A5AF3A214BA92B006213E3 /* Release */,
			);
			defaultConfigurationIsVisible = 0;
			defaultConfigurationName = Release;
		};
		44A5AF3B214BA92B006213E3 /* Build configuration list for PBXNativeTarget "OpenCV" */ = {
			isa = XCConfigurationList;
			buildConfigurations = (
				44A5AF3C214BA92B006213E3 /* Debug */,
				44A5AF3D214BA92B006213E3 /* Release */,
			);
			defaultConfigurationIsVisible = 0;
			defaultConfigurationName = Release;
		};
		44A5AF3E214BA92B006213E3 /* Build configuration list for PBXNativeTarget "OpenCVTests" */ = {
			isa = XCConfigurationList;
			buildConfigurations = (
				44A5AF3F214BA92B006213E3 /* Debug */,
				44A5AF40214BA92B006213E3 /* Release */,
			);
			defaultConfigurationIsVisible = 0;
			defaultConfigurationName = Release;
		};
/* End XCConfigurationList section */
	};
	rootObject = 44A5AF12214BA92B006213E3 /* Project object */;
}
